
Microsoft Visual Studio Solution File, Format Version 12.00
# Visual Studio Version 16
VisualStudioVersion = 25.0.1703.5
MinimumVisualStudioVersion = 10.0.40219.1
Project("{FAE04EC0-301F-11D3-BF4B-00C04F79EFBC}") = "SquareCalc", "SquareCalc\SquareCalc.csproj", "{B603C9FF-D64C-4455-956C-DC147284AB4F}"
EndProject
Global
	GlobalSection(SolutionConfigurationPlatforms) = preSolution
		Debug|Any CPU = Debug|Any CPU
		Release|Any CPU = Release|Any CPU
	EndGlobalSection
	GlobalSection(ProjectConfigurationPlatforms) = postSolution
		{B603C9FF-D64C-4455-956C-DC147284AB4F}.Debug|Any CPU.ActiveCfg = Debug|Any CPU
		{B603C9FF-D64C-4455-956C-DC147284AB4F}.Debug|Any CPU.Build.0 = Debug|Any CPU
		{B603C9FF-D64C-4455-956C-DC147284AB4F}.Release|Any CPU.ActiveCfg = Release|Any CPU
		{B603C9FF-D64C-4455-956C-DC147284AB4F}.Release|Any CPU.Build.0 = Release|Any CPU
	EndGlobalSection
	GlobalSection(SolutionProperties) = preSolution
		HideSolutionNode = FALSE
	EndGlobalSection
	GlobalSection(ExtensibilityGlobals) = postSolution
		SolutionGuid = {5DBD1CF1-2017-489E-BB07-3A5E685098BE}
	EndGlobalSection
EndGlobal
